{
  "name": "examples",
  "version": "1.0.0",
  "lockfileVersion": 3,
  "requires": true,
  "packages": {
    "": {
      "name": "examples",
      "version": "1.0.0",
      "license": "ISC",
      "dependencies": {
        "@sknk/object-validator": "file:../sknk-object-validator-2.0.0.tgz"
      }
    },
    "node_modules/@sknk/object-validator": {
      "version": "2.0.0",
      "resolved": "file:../sknk-object-validator-2.0.0.tgz",
      "integrity": "sha512-B7yD+b67FHjQ+SDXPAsSL3WCtqT0f/xWqFp9RAPecKu+4mmLIH4DmD9+CWn1Nong9ns3aGnUATYTRCVn9QOpSg==",
      "license": "ISC",
      "dependencies": {
        "tiny-schema": "^1.0.0"
      }
    },
    "node_modules/tiny-schema": {
      "version": "1.0.0",
      "resolved": "https://registry.npmjs.org/tiny-schema/-/tiny-schema-1.0.0.tgz",
      "integrity": "sha512-B0xAvYsdhkkFU8gmY0rs6yRFCPXdcAlP5qKm8tQDHYU7VdUefrZLgWmbFHfCv6b2jaNDMVcmbtp2VpLWyQJtyA=="
    }
  }
}
